
Microsoft Visual Studio Solution File, Format Version 11.00
# Visual C++ Express 2010
Project("{8BC9CEB8-8B4A-11D0-8D11-00A0C91BC942}") = "SFML_New", "SFML_New\SFML_New.vcxproj", "{A2561293-A40C-420C-8CC8-A7EC2B97F74A}"
EndProject
Global
	GlobalSection(SolutionConfigurationPlatforms) = preSolution
		Debug|Win32 = Debug|Win32
		Release|Win32 = Release|Win32
	EndGlobalSection
	GlobalSection(ProjectConfigurationPlatforms) = postSolution
		{A2561293-A40C-420C-8CC8-A7EC2B97F74A}.Debug|Win32.ActiveCfg = Debug|Win32
		{A2561293-A40C-420C-8CC8-A7EC2B97F74A}.Debug|Win32.Build.0 = Debug|Win32
		{A2561293-A40C-420C-8CC8-A7EC2B97F74A}.Release|Win32.ActiveCfg = Release|Win32
		{A2561293-A40C-420C-8CC8-A7EC2B97F74A}.Release|Win32.Build.0 = Release|Win32
	EndGlobalSection
	GlobalSection(SolutionProperties) = preSolution
		HideSolutionNode = FALSE
	EndGlobalSection
EndGlobal
